// !$*UTF8*$!
{
	archiveVersion = 1;
	classes = {
	};
	objectVersion = 77;
	objects = {

/* Begin PBXBuildFile section */
		0144BFF8D4693009A3702AF2 /* ReceiptReviewView.swift in Sources */ = {isa = PBXBuildFile; fileRef = 2B7931ECC3FA7CA1624B1A9D /* ReceiptReviewView.swift */; };
		059BDCC7B4B1E294BC7703DE /* Font+Brand.swift in Sources */ = {isa = PBXBuildFile; fileRef = 314FC7052EBA806A06325F93 /* Font+Brand.swift */; };
		068EFAE9ECE59DEF69ACA619 /* Haptics.swift in Sources */ = {isa = PBXBuildFile; fileRef = 628E5E41747A615B46932641 /* Haptics.swift */; };
		0A16F052C6613CF437EF42D1 /* Theme.swift in Sources */ = {isa = PBXBuildFile; fileRef = 9A97B1AA800F1D82270A52FE /* Theme.swift */; };
		0C4B2F219B08B8367834EFAD /* ProductDetailView.swift in Sources */ = {isa = PBXBuildFile; fileRef = E012C4AAAEA4AA0A3A634737 /* ProductDetailView.swift */; };
		1B806728E7A9085BF1AA8C00 /* AuthGate.swift in Sources */ = {isa = PBXBuildFile; fileRef = 6E147848982B15917349764A /* AuthGate.swift */; };
		1B9586C6CCC7CCCCEF14C5FE /* ProductFormView.swift in Sources */ = {isa = PBXBuildFile; fileRef = CD12FE282E2A6278EC5FBD89 /* ProductFormView.swift */; };
		206BDDE36587A2C08E8BF167 /* SafariView.swift in Sources */ = {isa = PBXBuildFile; fileRef = 3E6ACCC33F0FD37447AFF939 /* SafariView.swift */; };
		264F41C32E1798B829D595DC /* Assets.xcassets in Resources */ = {isa = PBXBuildFile; fileRef = 3C2FB09E987736F282AF9F13 /* Assets.xcassets */; };
		26763B813723151AA5A37F68 /* PhotoCaptureView.swift in Sources */ = {isa = PBXBuildFile; fileRef = 8B9B60CA8F04F2C786AF5F23 /* PhotoCaptureView.swift */; };
		301D308B8B1578B3BEBF7122 /* UserProfile.swift in Sources */ = {isa = PBXBuildFile; fileRef = 3697D6A75E537DAF7C097F41 /* UserProfile.swift */; };
		38C3B9E3A11934670466CCD1 /* DocumentRecord.swift in Sources */ = {isa = PBXBuildFile; fileRef = A0FCF96D554A6C773CBD4078 /* DocumentRecord.swift */; };
		41012737F6A03A78CF005BB0 /* AddProductView.swift in Sources */ = {isa = PBXBuildFile; fileRef = C8C94530A139A88BE6D69B99 /* AddProductView.swift */; };
		47526BB03DDC4009C6B47DA8 /* RecallAlert.swift in Sources */ = {isa = PBXBuildFile; fileRef = DBA291F4B4DE8593A12AAB72 /* RecallAlert.swift */; };
		5028D6DC8FEBAF1A9AF7F374 /* SpaceGrotesk-Variable.ttf in Resources */ = {isa = PBXBuildFile; fileRef = AE81BDC1DF0868EFF284A45D /* SpaceGrotesk-Variable.ttf */; };
		5319D08217137A18CD43006D /* CSVExport.swift in Sources */ = {isa = PBXBuildFile; fileRef = 3A1FD94CC2B2E31E3117C8E7 /* CSVExport.swift */; };
		5644D0146CF72F2AB2E5DFA9 /* Config.swift in Sources */ = {isa = PBXBuildFile; fileRef = 209AF14E50F0E88E32BECA71 /* Config.swift */; };
		5B02E8769A5D5856CD8D7DC2 /* ProductWithWarranties.swift in Sources */ = {isa = PBXBuildFile; fileRef = 207C3C0DC2A2D62BBF96E42E /* ProductWithWarranties.swift */; };
		6200C8701B11A1D9B0883CC7 /* WarrantyEditView.swift in Sources */ = {isa = PBXBuildFile; fileRef = AD629DA3DD14F88C691E2B94 /* WarrantyEditView.swift */; };
		6345AF9A6D4DF07B0DB69A3D /* BrandHeader.swift in Sources */ = {isa = PBXBuildFile; fileRef = 62C86695DB61BE966D725245 /* BrandHeader.swift */; };
		66BF4FD99DDC87AF52C28B18 /* ActivityShareSheet.swift in Sources */ = {isa = PBXBuildFile; fileRef = 07A4DB0A1D49A49C9404796F /* ActivityShareSheet.swift */; };
		673CF5DCEE055CF6305D1CDB /* ForwardedReceiptDraft.swift in Sources */ = {isa = PBXBuildFile; fileRef = 29A9406BB8E9D18F21903881 /* ForwardedReceiptDraft.swift */; };
		67E7B09B565161380CAADADA /* SessionStore.swift in Sources */ = {isa = PBXBuildFile; fileRef = 8C041FD1740009BE7B2B95DF /* SessionStore.swift */; };
		685AEAA7F15616D68C7C1EDA /* DocumentsSection.swift in Sources */ = {isa = PBXBuildFile; fileRef = CF22EC9CE08064FA6EDB2428 /* DocumentsSection.swift */; };
		7320BAC181684BD42101B2DD /* Product.swift in Sources */ = {isa = PBXBuildFile; fileRef = C8E985AFF655AED2EEAAD90E /* Product.swift */; };
		766E92BF3BB280725EBE2026 /* LoginView.swift in Sources */ = {isa = PBXBuildFile; fileRef = 6161FEC6A72793078AB87B22 /* LoginView.swift */; };
		7D8E7708122E70C91991766B /* Supabase in Frameworks */ = {isa = PBXBuildFile; productRef = 6027CB0D6C0D2B5FE966D38D /* Supabase */; };
		85D47E04F1EAE4C5A75DD411 /* ForgotPasswordView.swift in Sources */ = {isa = PBXBuildFile; fileRef = CB4595A2C5C984922747E6DA /* ForgotPasswordView.swift */; };
		86987C9CF2D05605EE37B46F /* HankenGrotesk-Variable.ttf in Resources */ = {isa = PBXBuildFile; fileRef = 815FEB79F2FA261198CC4A84 /* HankenGrotesk-Variable.ttf */; };
		89DD5FC621A1FA23A460C94F /* WarrantyStatus.swift in Sources */ = {isa = PBXBuildFile; fileRef = A93A74348714B50A0F999983 /* WarrantyStatus.swift */; };
		8A9B7B72CA19B6A5AAD3DD09 /* Warranty.swift in Sources */ = {isa = PBXBuildFile; fileRef = BE783B83190C429DE1DA06FF /* Warranty.swift */; };
		8C731E6566B100D8301CE3AE /* ReceiptQueueView.swift in Sources */ = {isa = PBXBuildFile; fileRef = 41CBAEAE5A80255B4C4D0320 /* ReceiptQueueView.swift */; };
		9678342EF9C9E2D6BBE2BAF5 /* SignUpView.swift in Sources */ = {isa = PBXBuildFile; fileRef = B14DA79C412C4E4ECF02E9DF /* SignUpView.swift */; };
		B04A0739FBDB3B5D13A272EE /* ClaimReadiness.swift in Sources */ = {isa = PBXBuildFile; fileRef = 352650403301A44DDD7CC8F7 /* ClaimReadiness.swift */; };
		B14624D5B72D8BF423565031 /* SupabaseService.swift in Sources */ = {isa = PBXBuildFile; fileRef = 678E76E3913152C9B25EB946 /* SupabaseService.swift */; };
		BC89B23ED63D2CF719E1598F /* SettingsListView.swift in Sources */ = {isa = PBXBuildFile; fileRef = 110B206DC65E10B301268860 /* SettingsListView.swift */; };
		D20ABD82BFBEBC75F56AACAA /* RecallsListView.swift in Sources */ = {isa = PBXBuildFile; fileRef = 0D988B688E6B4EB074842EAA /* RecallsListView.swift */; };
		D5554E0321A6575CC3EF94CD /* MainTabView.swift in Sources */ = {isa = PBXBuildFile; fileRef = BC736F70010EA58E75FE5AF9 /* MainTabView.swift */; };
		D557420C320C571D4061F22C /* APIClient.swift in Sources */ = {isa = PBXBuildFile; fileRef = AF1E9EBB84174254ADAE130A /* APIClient.swift */; };
		D7ECB17777AA0A53DF05957D /* VaultListView.swift in Sources */ = {isa = PBXBuildFile; fileRef = 17266FDFA1A9DDA735F40BED /* VaultListView.swift */; };
		E218961CF16981203CFA437A /* ClaimAssistView.swift in Sources */ = {isa = PBXBuildFile; fileRef = B5DF3B09CF4DDAC72315759D /* ClaimAssistView.swift */; };
		E5FB735CD5E8470E6D7DFF53 /* ProductDraft.swift in Sources */ = {isa = PBXBuildFile; fileRef = 84AA383CF1A34EAEAA7FED63 /* ProductDraft.swift */; };
		EB047D4404537C60C1C20BDE /* WarrantyBuddyApp.swift in Sources */ = {isa = PBXBuildFile; fileRef = EB27B3114AE83D31C1CED90C /* WarrantyBuddyApp.swift */; };
		F25F7CB88CF960E62174F9A5 /* ClaimContext.swift in Sources */ = {isa = PBXBuildFile; fileRef = DC0C76ACC51FF3A0684DF587 /* ClaimContext.swift */; };
/* End PBXBuildFile section */

/* Begin PBXFileReference section */
		07A4DB0A1D49A49C9404796F /* ActivityShareSheet.swift */ = {isa = PBXFileReference; lastKnownFileType = sourcecode.swift; path = ActivityShareSheet.swift; sourceTree = "<group>"; };
		0D988B688E6B4EB074842EAA /* RecallsListView.swift */ = {isa = PBXFileReference; lastKnownFileType = sourcecode.swift; path = RecallsListView.swift; sourceTree = "<group>"; };
		110B206DC65E10B301268860 /* SettingsListView.swift */ = {isa = PBXFileReference; lastKnownFileType = sourcecode.swift; path = SettingsListView.swift; sourceTree = "<group>"; };
		17266FDFA1A9DDA735F40BED /* VaultListView.swift */ = {isa = PBXFileReference; lastKnownFileType = sourcecode.swift; path = VaultListView.swift; sourceTree = "<group>"; };
		207C3C0DC2A2D62BBF96E42E /* ProductWithWarranties.swift */ = {isa = PBXFileReference; lastKnownFileType = sourcecode.swift; path = ProductWithWarranties.swift; sourceTree = "<group>"; };
		209AF14E50F0E88E32BECA71 /* Config.swift */ = {isa = PBXFileReference; lastKnownFileType = sourcecode.swift; path = Config.swift; sourceTree = "<group>"; };
		29A9406BB8E9D18F21903881 /* ForwardedReceiptDraft.swift */ = {isa = PBXFileReference; lastKnownFileType = sourcecode.swift; path = ForwardedReceiptDraft.swift; sourceTree = "<group>"; };
		2B7931ECC3FA7CA1624B1A9D /* ReceiptReviewView.swift */ = {isa = PBXFileReference; lastKnownFileType = sourcecode.swift; path = ReceiptReviewView.swift; sourceTree = "<group>"; };
		314FC7052EBA806A06325F93 /* Font+Brand.swift */ = {isa = PBXFileReference; lastKnownFileType = sourcecode.swift; path = "Font+Brand.swift"; sourceTree = "<group>"; };
		352650403301A44DDD7CC8F7 /* ClaimReadiness.swift */ = {isa = PBXFileReference; lastKnownFileType = sourcecode.swift; path = ClaimReadiness.swift; sourceTree = "<group>"; };
		3697D6A75E537DAF7C097F41 /* UserProfile.swift */ = {isa = PBXFileReference; lastKnownFileType = sourcecode.swift; path = UserProfile.swift; sourceTree = "<group>"; };
		3A1FD94CC2B2E31E3117C8E7 /* CSVExport.swift */ = {isa = PBXFileReference; lastKnownFileType = sourcecode.swift; path = CSVExport.swift; sourceTree = "<group>"; };
		3C2FB09E987736F282AF9F13 /* Assets.xcassets */ = {isa = PBXFileReference; lastKnownFileType = folder.assetcatalog; path = Assets.xcassets; sourceTree = "<group>"; };
		3E6ACCC33F0FD37447AFF939 /* SafariView.swift */ = {isa = PBXFileReference; lastKnownFileType = sourcecode.swift; path = SafariView.swift; sourceTree = "<group>"; };
		41CBAEAE5A80255B4C4D0320 /* ReceiptQueueView.swift */ = {isa = PBXFileReference; lastKnownFileType = sourcecode.swift; path = ReceiptQueueView.swift; sourceTree = "<group>"; };
		6161FEC6A72793078AB87B22 /* LoginView.swift */ = {isa = PBXFileReference; lastKnownFileType = sourcecode.swift; path = LoginView.swift; sourceTree = "<group>"; };
		628E5E41747A615B46932641 /* Haptics.swift */ = {isa = PBXFileReference; lastKnownFileType = sourcecode.swift; path = Haptics.swift; sourceTree = "<group>"; };
		62C86695DB61BE966D725245 /* BrandHeader.swift */ = {isa = PBXFileReference; lastKnownFileType = sourcecode.swift; path = BrandHeader.swift; sourceTree = "<group>"; };
		678E76E3913152C9B25EB946 /* SupabaseService.swift */ = {isa = PBXFileReference; lastKnownFileType = sourcecode.swift; path = SupabaseService.swift; sourceTree = "<group>"; };
		6E147848982B15917349764A /* AuthGate.swift */ = {isa = PBXFileReference; lastKnownFileType = sourcecode.swift; path = AuthGate.swift; sourceTree = "<group>"; };
		815FEB79F2FA261198CC4A84 /* HankenGrotesk-Variable.ttf */ = {isa = PBXFileReference; lastKnownFileType = file; path = "HankenGrotesk-Variable.ttf"; sourceTree = "<group>"; };
		84AA383CF1A34EAEAA7FED63 /* ProductDraft.swift */ = {isa = PBXFileReference; lastKnownFileType = sourcecode.swift; path = ProductDraft.swift; sourceTree = "<group>"; };
		8B9B60CA8F04F2C786AF5F23 /* PhotoCaptureView.swift */ = {isa = PBXFileReference; lastKnownFileType = sourcecode.swift; path = PhotoCaptureView.swift; sourceTree = "<group>"; };
		8C041FD1740009BE7B2B95DF /* SessionStore.swift */ = {isa = PBXFileReference; lastKnownFileType = sourcecode.swift; path = SessionStore.swift; sourceTree = "<group>"; };
		9A97B1AA800F1D82270A52FE /* Theme.swift */ = {isa = PBXFileReference; lastKnownFileType = sourcecode.swift; path = Theme.swift; sourceTree = "<group>"; };
		9BECF05D64C0413A1895826C /* WarrantyBuddy.app */ = {isa = PBXFileReference; includeInIndex = 0; lastKnownFileType = wrapper.application; path = WarrantyBuddy.app; sourceTree = BUILT_PRODUCTS_DIR; };
		A0FCF96D554A6C773CBD4078 /* DocumentRecord.swift */ = {isa = PBXFileReference; lastKnownFileType = sourcecode.swift; path = DocumentRecord.swift; sourceTree = "<group>"; };
		A93A74348714B50A0F999983 /* WarrantyStatus.swift */ = {isa = PBXFileReference; lastKnownFileType = sourcecode.swift; path = WarrantyStatus.swift; sourceTree = "<group>"; };
		AD629DA3DD14F88C691E2B94 /* WarrantyEditView.swift */ = {isa = PBXFileReference; lastKnownFileType = sourcecode.swift; path = WarrantyEditView.swift; sourceTree = "<group>"; };
		AE81BDC1DF0868EFF284A45D /* SpaceGrotesk-Variable.ttf */ = {isa = PBXFileReference; lastKnownFileType = file; path = "SpaceGrotesk-Variable.ttf"; sourceTree = "<group>"; };
		AF1E9EBB84174254ADAE130A /* APIClient.swift */ = {isa = PBXFileReference; lastKnownFileType = sourcecode.swift; path = APIClient.swift; sourceTree = "<group>"; };
		B14DA79C412C4E4ECF02E9DF /* SignUpView.swift */ = {isa = PBXFileReference; lastKnownFileType = sourcecode.swift; path = SignUpView.swift; sourceTree = "<group>"; };
		B5DF3B09CF4DDAC72315759D /* ClaimAssistView.swift */ = {isa = PBXFileReference; lastKnownFileType = sourcecode.swift; path = ClaimAssistView.swift; sourceTree = "<group>"; };
		BC736F70010EA58E75FE5AF9 /* MainTabView.swift */ = {isa = PBXFileReference; lastKnownFileType = sourcecode.swift; path = MainTabView.swift; sourceTree = "<group>"; };
		BE783B83190C429DE1DA06FF /* Warranty.swift */ = {isa = PBXFileReference; lastKnownFileType = sourcecode.swift; path = Warranty.swift; sourceTree = "<group>"; };
		C8C94530A139A88BE6D69B99 /* AddProductView.swift */ = {isa = PBXFileReference; lastKnownFileType = sourcecode.swift; path = AddProductView.swift; sourceTree = "<group>"; };
		C8E985AFF655AED2EEAAD90E /* Product.swift */ = {isa = PBXFileReference; lastKnownFileType = sourcecode.swift; path = Product.swift; sourceTree = "<group>"; };
		CB4595A2C5C984922747E6DA /* ForgotPasswordView.swift */ = {isa = PBXFileReference; lastKnownFileType = sourcecode.swift; path = ForgotPasswordView.swift; sourceTree = "<group>"; };
		CD12FE282E2A6278EC5FBD89 /* ProductFormView.swift */ = {isa = PBXFileReference; lastKnownFileType = sourcecode.swift; path = ProductFormView.swift; sourceTree = "<group>"; };
		CF22EC9CE08064FA6EDB2428 /* DocumentsSection.swift */ = {isa = PBXFileReference; lastKnownFileType = sourcecode.swift; path = DocumentsSection.swift; sourceTree = "<group>"; };
		DBA291F4B4DE8593A12AAB72 /* RecallAlert.swift */ = {isa = PBXFileReference; lastKnownFileType = sourcecode.swift; path = RecallAlert.swift; sourceTree = "<group>"; };
		DC0C76ACC51FF3A0684DF587 /* ClaimContext.swift */ = {isa = PBXFileReference; lastKnownFileType = sourcecode.swift; path = ClaimContext.swift; sourceTree = "<group>"; };
		E012C4AAAEA4AA0A3A634737 /* ProductDetailView.swift */ = {isa = PBXFileReference; lastKnownFileType = sourcecode.swift; path = ProductDetailView.swift; sourceTree = "<group>"; };
		EB27B3114AE83D31C1CED90C /* WarrantyBuddyApp.swift */ = {isa = PBXFileReference; lastKnownFileType = sourcecode.swift; path = WarrantyBuddyApp.swift; sourceTree = "<group>"; };
/* End PBXFileReference section */

/* Begin PBXFrameworksBuildPhase section */
		29F8821C356692528263CB18 /* Frameworks */ = {
			isa = PBXFrameworksBuildPhase;
			buildActionMask = 2147483647;
			files = (
				7D8E7708122E70C91991766B /* Supabase in Frameworks */,
			);
			runOnlyForDeploymentPostprocessing = 0;
		};
/* End PBXFrameworksBuildPhase section */

/* Begin PBXGroup section */
		00B678B6B8BB169D73E6536F /* Views */ = {
			isa = PBXGroup;
			children = (
				B5606D8DC20D6CE6F4F53E6D /* AddProduct */,
				9296A0E0387BECE2158A1C93 /* Auth */,
				E377575F8B0DA8B811E34B93 /* Claims */,
				474F2C4CC025CE7584D583F0 /* Recalls */,
				A767A67C0887782511AF2E8A /* Receipts */,
				9447913815DE7CE7BF9D53A2 /* Settings */,
				A7EA71B3FC0AF9B2173247A7 /* Vault */,
			);
			path = Views;
			sourceTree = "<group>";
		};
		324089DDBE05C7F1ECA816C2 /* Fonts */ = {
			isa = PBXGroup;
			children = (
				815FEB79F2FA261198CC4A84 /* HankenGrotesk-Variable.ttf */,
				AE81BDC1DF0868EFF284A45D /* SpaceGrotesk-Variable.ttf */,
			);
			path = Fonts;
			sourceTree = "<group>";
		};
		3A40B702361A8EFE3D1ADFA7 /* Products */ = {
			isa = PBXGroup;
			children = (
				9BECF05D64C0413A1895826C /* WarrantyBuddy.app */,
			);
			name = Products;
			sourceTree = "<group>";
		};
		474F2C4CC025CE7584D583F0 /* Recalls */ = {
			isa = PBXGroup;
			children = (
				0D988B688E6B4EB074842EAA /* RecallsListView.swift */,
			);
			path = Recalls;
			sourceTree = "<group>";
		};
		9296A0E0387BECE2158A1C93 /* Auth */ = {
			isa = PBXGroup;
			children = (
				CB4595A2C5C984922747E6DA /* ForgotPasswordView.swift */,
				6161FEC6A72793078AB87B22 /* LoginView.swift */,
				B14DA79C412C4E4ECF02E9DF /* SignUpView.swift */,
			);
			path = Auth;
			sourceTree = "<group>";
		};
		9447913815DE7CE7BF9D53A2 /* Settings */ = {
			isa = PBXGroup;
			children = (
				07A4DB0A1D49A49C9404796F /* ActivityShareSheet.swift */,
				110B206DC65E10B301268860 /* SettingsListView.swift */,
			);
			path = Settings;
			sourceTree = "<group>";
		};
		977B1E93B97A9EC4EBDB4710 /* Sources */ = {
			isa = PBXGroup;
			children = (
				FBC0786A3C36FC0012A269E9 /* App */,
				FA60479ABE3C41C0CD133A62 /* Models */,
				F7A7795BEF6CADCC4DBBA1D4 /* Resources */,
				AC1E27EB0517026CCD9A57B9 /* Services */,
				00B678B6B8BB169D73E6536F /* Views */,
			);
			path = Sources;
			sourceTree = "<group>";
		};
		A767A67C0887782511AF2E8A /* Receipts */ = {
			isa = PBXGroup;
			children = (
				41CBAEAE5A80255B4C4D0320 /* ReceiptQueueView.swift */,
				2B7931ECC3FA7CA1624B1A9D /* ReceiptReviewView.swift */,
			);
			path = Receipts;
			sourceTree = "<group>";
		};
		A7EA71B3FC0AF9B2173247A7 /* Vault */ = {
			isa = PBXGroup;
			children = (
				CF22EC9CE08064FA6EDB2428 /* DocumentsSection.swift */,
				E012C4AAAEA4AA0A3A634737 /* ProductDetailView.swift */,
				3E6ACCC33F0FD37447AFF939 /* SafariView.swift */,
				17266FDFA1A9DDA735F40BED /* VaultListView.swift */,
				AD629DA3DD14F88C691E2B94 /* WarrantyEditView.swift */,
			);
			path = Vault;
			sourceTree = "<group>";
		};
		AC1E27EB0517026CCD9A57B9 /* Services */ = {
			isa = PBXGroup;
			children = (
				AF1E9EBB84174254ADAE130A /* APIClient.swift */,
				3A1FD94CC2B2E31E3117C8E7 /* CSVExport.swift */,
				628E5E41747A615B46932641 /* Haptics.swift */,
				8C041FD1740009BE7B2B95DF /* SessionStore.swift */,
				678E76E3913152C9B25EB946 /* SupabaseService.swift */,
			);
			path = Services;
			sourceTree = "<group>";
		};
		B5606D8DC20D6CE6F4F53E6D /* AddProduct */ = {
			isa = PBXGroup;
			children = (
				C8C94530A139A88BE6D69B99 /* AddProductView.swift */,
				8B9B60CA8F04F2C786AF5F23 /* PhotoCaptureView.swift */,
				CD12FE282E2A6278EC5FBD89 /* ProductFormView.swift */,
			);
			path = AddProduct;
			sourceTree = "<group>";
		};
		C88341E9E5B5CE3F2FB9F67E = {
			isa = PBXGroup;
			children = (
				977B1E93B97A9EC4EBDB4710 /* Sources */,
				3A40B702361A8EFE3D1ADFA7 /* Products */,
			);
			sourceTree = "<group>";
		};
		E377575F8B0DA8B811E34B93 /* Claims */ = {
			isa = PBXGroup;
			children = (
				B5DF3B09CF4DDAC72315759D /* ClaimAssistView.swift */,
			);
			path = Claims;
			sourceTree = "<group>";
		};
		F7A7795BEF6CADCC4DBBA1D4 /* Resources */ = {
			isa = PBXGroup;
			children = (
				3C2FB09E987736F282AF9F13 /* Assets.xcassets */,
				324089DDBE05C7F1ECA816C2 /* Fonts */,
			);
			path = Resources;
			sourceTree = "<group>";
		};
		FA60479ABE3C41C0CD133A62 /* Models */ = {
			isa = PBXGroup;
			children = (
				DC0C76ACC51FF3A0684DF587 /* ClaimContext.swift */,
				352650403301A44DDD7CC8F7 /* ClaimReadiness.swift */,
				A0FCF96D554A6C773CBD4078 /* DocumentRecord.swift */,
				29A9406BB8E9D18F21903881 /* ForwardedReceiptDraft.swift */,
				C8E985AFF655AED2EEAAD90E /* Product.swift */,
				84AA383CF1A34EAEAA7FED63 /* ProductDraft.swift */,
				207C3C0DC2A2D62BBF96E42E /* ProductWithWarranties.swift */,
				DBA291F4B4DE8593A12AAB72 /* RecallAlert.swift */,
				3697D6A75E537DAF7C097F41 /* UserProfile.swift */,
				BE783B83190C429DE1DA06FF /* Warranty.swift */,
				A93A74348714B50A0F999983 /* WarrantyStatus.swift */,
			);
			path = Models;
			sourceTree = "<group>";
		};
		FBC0786A3C36FC0012A269E9 /* App */ = {
			isa = PBXGroup;
			children = (
				6E147848982B15917349764A /* AuthGate.swift */,
				62C86695DB61BE966D725245 /* BrandHeader.swift */,
				209AF14E50F0E88E32BECA71 /* Config.swift */,
				314FC7052EBA806A06325F93 /* Font+Brand.swift */,
				BC736F70010EA58E75FE5AF9 /* MainTabView.swift */,
				9A97B1AA800F1D82270A52FE /* Theme.swift */,
				EB27B3114AE83D31C1CED90C /* WarrantyBuddyApp.swift */,
			);
			path = App;
			sourceTree = "<group>";
		};
/* End PBXGroup section */

/* Begin PBXNativeTarget section */
		8A24232B03B7FDD3EFAA35D4 /* WarrantyBuddy */ = {
			isa = PBXNativeTarget;
			buildConfigurationList = DDD4FE4F00987B51D539D441 /* Build configuration list for PBXNativeTarget "WarrantyBuddy" */;
			buildPhases = (
				84D2B51EB642A039DFBB883E /* Sources */,
				A02BFEB6BC3D652500BF8058 /* Resources */,
				29F8821C356692528263CB18 /* Frameworks */,
			);
			buildRules = (
			);
			dependencies = (
			);
			name = WarrantyBuddy;
			packageProductDependencies = (
				6027CB0D6C0D2B5FE966D38D /* Supabase */,
			);
			productName = WarrantyBuddy;
			productReference = 9BECF05D64C0413A1895826C /* WarrantyBuddy.app */;
			productType = "com.apple.product-type.application";
		};
/* End PBXNativeTarget section */

/* Begin PBXProject section */
		2EE9AB57FF4F21A7A84960FD /* Project object */ = {
			isa = PBXProject;
			attributes = {
				BuildIndependentTargetsInParallel = YES;
				LastUpgradeCheck = 1430;
				TargetAttributes = {
				};
			};
			buildConfigurationList = 70C28A15DAE1A77A441DD9C1 /* Build configuration list for PBXProject "WarrantyBuddy" */;
			developmentRegion = en;
			hasScannedForEncodings = 0;
			knownRegions = (
				Base,
				en,
			);
			mainGroup = C88341E9E5B5CE3F2FB9F67E;
			minimizedProjectReferenceProxies = 1;
			packageReferences = (
				39F6A219F1FD440383C8BAD8 /* XCRemoteSwiftPackageReference "supabase-swift" */,
			);
			preferredProjectObjectVersion = 77;
			productRefGroup = 3A40B702361A8EFE3D1ADFA7 /* Products */;
			projectDirPath = "";
			projectRoot = "";
			targets = (
				8A24232B03B7FDD3EFAA35D4 /* WarrantyBuddy */,
			);
		};
/* End PBXProject section */

/* Begin PBXResourcesBuildPhase section */
		A02BFEB6BC3D652500BF8058 /* Resources */ = {
			isa = PBXResourcesBuildPhase;
			buildActionMask = 2147483647;
			files = (
				264F41C32E1798B829D595DC /* Assets.xcassets in Resources */,
				86987C9CF2D05605EE37B46F /* HankenGrotesk-Variable.ttf in Resources */,
				5028D6DC8FEBAF1A9AF7F374 /* SpaceGrotesk-Variable.ttf in Resources */,
			);
			runOnlyForDeploymentPostprocessing = 0;
		};
/* End PBXResourcesBuildPhase section */

/* Begin PBXSourcesBuildPhase section */
		84D2B51EB642A039DFBB883E /* Sources */ = {
			isa = PBXSourcesBuildPhase;
			buildActionMask = 2147483647;
			files = (
				D557420C320C571D4061F22C /* APIClient.swift in Sources */,
				66BF4FD99DDC87AF52C28B18 /* ActivityShareSheet.swift in Sources */,
				41012737F6A03A78CF005BB0 /* AddProductView.swift in Sources */,
				1B806728E7A9085BF1AA8C00 /* AuthGate.swift in Sources */,
				6345AF9A6D4DF07B0DB69A3D /* BrandHeader.swift in Sources */,
				5319D08217137A18CD43006D /* CSVExport.swift in Sources */,
				E218961CF16981203CFA437A /* ClaimAssistView.swift in Sources */,
				F25F7CB88CF960E62174F9A5 /* ClaimContext.swift in Sources */,
				B04A0739FBDB3B5D13A272EE /* ClaimReadiness.swift in Sources */,
				5644D0146CF72F2AB2E5DFA9 /* Config.swift in Sources */,
				38C3B9E3A11934670466CCD1 /* DocumentRecord.swift in Sources */,
				685AEAA7F15616D68C7C1EDA /* DocumentsSection.swift in Sources */,
				059BDCC7B4B1E294BC7703DE /* Font+Brand.swift in Sources */,
				85D47E04F1EAE4C5A75DD411 /* ForgotPasswordView.swift in Sources */,
				673CF5DCEE055CF6305D1CDB /* ForwardedReceiptDraft.swift in Sources */,
				068EFAE9ECE59DEF69ACA619 /* Haptics.swift in Sources */,
				766E92BF3BB280725EBE2026 /* LoginView.swift in Sources */,
				D5554E0321A6575CC3EF94CD /* MainTabView.swift in Sources */,
				26763B813723151AA5A37F68 /* PhotoCaptureView.swift in Sources */,
				7320BAC181684BD42101B2DD /* Product.swift in Sources */,
				0C4B2F219B08B8367834EFAD /* ProductDetailView.swift in Sources */,
				E5FB735CD5E8470E6D7DFF53 /* ProductDraft.swift in Sources */,
				1B9586C6CCC7CCCCEF14C5FE /* ProductFormView.swift in Sources */,
				5B02E8769A5D5856CD8D7DC2 /* ProductWithWarranties.swift in Sources */,
				47526BB03DDC4009C6B47DA8 /* RecallAlert.swift in Sources */,
				D20ABD82BFBEBC75F56AACAA /* RecallsListView.swift in Sources */,
				8C731E6566B100D8301CE3AE /* ReceiptQueueView.swift in Sources */,
				0144BFF8D4693009A3702AF2 /* ReceiptReviewView.swift in Sources */,
				206BDDE36587A2C08E8BF167 /* SafariView.swift in Sources */,
				67E7B09B565161380CAADADA /* SessionStore.swift in Sources */,
				BC89B23ED63D2CF719E1598F /* SettingsListView.swift in Sources */,
				9678342EF9C9E2D6BBE2BAF5 /* SignUpView.swift in Sources */,
				B14624D5B72D8BF423565031 /* SupabaseService.swift in Sources */,
				0A16F052C6613CF437EF42D1 /* Theme.swift in Sources */,
				301D308B8B1578B3BEBF7122 /* UserProfile.swift in Sources */,
				D7ECB17777AA0A53DF05957D /* VaultListView.swift in Sources */,
				8A9B7B72CA19B6A5AAD3DD09 /* Warranty.swift in Sources */,
				EB047D4404537C60C1C20BDE /* WarrantyBuddyApp.swift in Sources */,
				6200C8701B11A1D9B0883CC7 /* WarrantyEditView.swift in Sources */,
				89DD5FC621A1FA23A460C94F /* WarrantyStatus.swift in Sources */,
			);
			runOnlyForDeploymentPostprocessing = 0;
		};
/* End PBXSourcesBuildPhase section */

/* Begin XCBuildConfiguration section */
		4DEC5BD2912C7E5BEE5B8E99 /* Release */ = {
			isa = XCBuildConfiguration;
			buildSettings = {
				ALWAYS_SEARCH_USER_PATHS = NO;
				CLANG_ANALYZER_NONNULL = YES;
				CLANG_ANALYZER_NUMBER_OBJECT_CONVERSION = YES_AGGRESSIVE;
				CLANG_CXX_LANGUAGE_STANDARD = "gnu++14";
				CLANG_CXX_LIBRARY = "libc++";
				CLANG_ENABLE_MODULES = YES;
				CLANG_ENABLE_OBJC_ARC = YES;
				CLANG_ENABLE_OBJC_WEAK = YES;
				CLANG_WARN_BLOCK_CAPTURE_AUTORELEASING = YES;
				CLANG_WARN_BOOL_CONVERSION = YES;
				CLANG_WARN_COMMA = YES;
				CLANG_WARN_CONSTANT_CONVERSION = YES;
				CLANG_WARN_DEPRECATED_OBJC_IMPLEMENTATIONS = YES;
				CLANG_WARN_DIRECT_OBJC_ISA_USAGE = YES_ERROR;
				CLANG_WARN_DOCUMENTATION_COMMENTS = YES;
				CLANG_WARN_EMPTY_BODY = YES;
				CLANG_WARN_ENUM_CONVERSION = YES;
				CLANG_WARN_INFINITE_RECURSION = YES;
				CLANG_WARN_INT_CONVERSION = YES;
				CLANG_WARN_NON_LITERAL_NULL_CONVERSION = YES;
				CLANG_WARN_OBJC_IMPLICIT_RETAIN_SELF = YES;
				CLANG_WARN_OBJC_LITERAL_CONVERSION = YES;
				CLANG_WARN_OBJC_ROOT_CLASS = YES_ERROR;
				CLANG_WARN_QUOTED_INCLUDE_IN_FRAMEWORK_HEADER = YES;
				CLANG_WARN_RANGE_LOOP_ANALYSIS = YES;
				CLANG_WARN_STRICT_PROTOTYPES = YES;
				CLANG_WARN_SUSPICIOUS_MOVE = YES;
				CLANG_WARN_UNGUARDED_AVAILABILITY = YES_AGGRESSIVE;
				CLANG_WARN_UNREACHABLE_CODE = YES;
				CLANG_WARN__DUPLICATE_METHOD_MATCH = YES;
				COPY_PHASE_STRIP = NO;
				DEBUG_INFORMATION_FORMAT = "dwarf-with-dsym";
				ENABLE_NS_ASSERTIONS = NO;
				ENABLE_STRICT_OBJC_MSGSEND = YES;
				GCC_C_LANGUAGE_STANDARD = gnu11;
				GCC_NO_COMMON_BLOCKS = YES;
				GCC_WARN_64_TO_32_BIT_CONVERSION = YES;
				GCC_WARN_ABOUT_RETURN_TYPE = YES_ERROR;
				GCC_WARN_UNDECLARED_SELECTOR = YES;
				GCC_WARN_UNINITIALIZED_AUTOS = YES_AGGRESSIVE;
				GCC_WARN_UNUSED_FUNCTION = YES;
				GCC_WARN_UNUSED_VARIABLE = YES;
				IPHONEOS_DEPLOYMENT_TARGET = 17.0;
				MTL_ENABLE_DEBUG_INFO = NO;
				MTL_FAST_MATH = YES;
				PRODUCT_NAME = "$(TARGET_NAME)";
				SDKROOT = iphoneos;
				SWIFT_COMPILATION_MODE = wholemodule;
				SWIFT_OPTIMIZATION_LEVEL = "-O";
				SWIFT_VERSION = 5.0;
			};
			name = Release;
		};
		830B89CBEDF4632FA1CE86EB /* Release */ = {
			isa = XCBuildConfiguration;
			buildSettings = {
				ASSETCATALOG_COMPILER_APPICON_NAME = AppIcon;
				CODE_SIGN_IDENTITY = "iPhone Developer";
				CURRENT_PROJECT_VERSION = 1;
				ENABLE_PREVIEWS = YES;
				GENERATE_INFOPLIST_FILE = YES;
				INFOPLIST_KEY_CFBundleDisplayName = WarrantyBuddy;
				INFOPLIST_KEY_NSCameraUsageDescription = "WarrantyBuddy uses your camera to scan product labels and receipts so Buddy can fill in the details for you.";
				INFOPLIST_KEY_NSPhotoLibraryUsageDescription = "WarrantyBuddy can read a product label or receipt photo from your library.";
				INFOPLIST_KEY_UILaunchScreen_Generation = YES;
				INFOPLIST_KEY_UISupportedInterfaceOrientations = UIInterfaceOrientationPortrait;
				LD_RUNPATH_SEARCH_PATHS = (
					"$(inherited)",
					"@executable_path/Frameworks",
				);
				MARKETING_VERSION = 1.0;
				PRODUCT_BUNDLE_IDENTIFIER = com.mywarrantybuddy.app;
				SDKROOT = iphoneos;
				SWIFT_VERSION = 6.0;
				TARGETED_DEVICE_FAMILY = 1;
			};
			name = Release;
		};
		88C53753680F7B60782B3860 /* Debug */ = {
			isa = XCBuildConfiguration;
			buildSettings = {
				ASSETCATALOG_COMPILER_APPICON_NAME = AppIcon;
				CODE_SIGN_IDENTITY = "iPhone Developer";
				CURRENT_PROJECT_VERSION = 1;
				ENABLE_PREVIEWS = YES;
				GENERATE_INFOPLIST_FILE = YES;
				INFOPLIST_KEY_CFBundleDisplayName = WarrantyBuddy;
				INFOPLIST_KEY_NSCameraUsageDescription = "WarrantyBuddy uses your camera to scan product labels and receipts so Buddy can fill in the details for you.";
				INFOPLIST_KEY_NSPhotoLibraryUsageDescription = "WarrantyBuddy can read a product label or receipt photo from your library.";
				INFOPLIST_KEY_UILaunchScreen_Generation = YES;
				INFOPLIST_KEY_UISupportedInterfaceOrientations = UIInterfaceOrientationPortrait;
				LD_RUNPATH_SEARCH_PATHS = (
					"$(inherited)",
					"@executable_path/Frameworks",
				);
				MARKETING_VERSION = 1.0;
				PRODUCT_BUNDLE_IDENTIFIER = com.mywarrantybuddy.app;
				SDKROOT = iphoneos;
				SWIFT_VERSION = 6.0;
				TARGETED_DEVICE_FAMILY = 1;
			};
			name = Debug;
		};
		DA7F0BDAF2819CA3C58A8B2D /* Debug */ = {
			isa = XCBuildConfiguration;
			buildSettings = {
				ALWAYS_SEARCH_USER_PATHS = NO;
				CLANG_ANALYZER_NONNULL = YES;
				CLANG_ANALYZER_NUMBER_OBJECT_CONVERSION = YES_AGGRESSIVE;
				CLANG_CXX_LANGUAGE_STANDARD = "gnu++14";
				CLANG_CXX_LIBRARY = "libc++";
				CLANG_ENABLE_MODULES = YES;
				CLANG_ENABLE_OBJC_ARC = YES;
				CLANG_ENABLE_OBJC_WEAK = YES;
				CLANG_WARN_BLOCK_CAPTURE_AUTORELEASING = YES;
				CLANG_WARN_BOOL_CONVERSION = YES;
				CLANG_WARN_COMMA = YES;
				CLANG_WARN_CONSTANT_CONVERSION = YES;
				CLANG_WARN_DEPRECATED_OBJC_IMPLEMENTATIONS = YES;
				CLANG_WARN_DIRECT_OBJC_ISA_USAGE = YES_ERROR;
				CLANG_WARN_DOCUMENTATION_COMMENTS = YES;
				CLANG_WARN_EMPTY_BODY = YES;
				CLANG_WARN_ENUM_CONVERSION = YES;
				CLANG_WARN_INFINITE_RECURSION = YES;
				CLANG_WARN_INT_CONVERSION = YES;
				CLANG_WARN_NON_LITERAL_NULL_CONVERSION = YES;
				CLANG_WARN_OBJC_IMPLICIT_RETAIN_SELF = YES;
				CLANG_WARN_OBJC_LITERAL_CONVERSION = YES;
				CLANG_WARN_OBJC_ROOT_CLASS = YES_ERROR;
				CLANG_WARN_QUOTED_INCLUDE_IN_FRAMEWORK_HEADER = YES;
				CLANG_WARN_RANGE_LOOP_ANALYSIS = YES;
				CLANG_WARN_STRICT_PROTOTYPES = YES;
				CLANG_WARN_SUSPICIOUS_MOVE = YES;
				CLANG_WARN_UNGUARDED_AVAILABILITY = YES_AGGRESSIVE;
				CLANG_WARN_UNREACHABLE_CODE = YES;
				CLANG_WARN__DUPLICATE_METHOD_MATCH = YES;
				COPY_PHASE_STRIP = NO;
				DEBUG_INFORMATION_FORMAT = dwarf;
				ENABLE_STRICT_OBJC_MSGSEND = YES;
				ENABLE_TESTABILITY = YES;
				GCC_C_LANGUAGE_STANDARD = gnu11;
				GCC_DYNAMIC_NO_PIC = NO;
				GCC_NO_COMMON_BLOCKS = YES;
				GCC_OPTIMIZATION_LEVEL = 0;
				GCC_PREPROCESSOR_DEFINITIONS = (
					"$(inherited)",
					"DEBUG=1",
				);
				GCC_WARN_64_TO_32_BIT_CONVERSION = YES;
				GCC_WARN_ABOUT_RETURN_TYPE = YES_ERROR;
				GCC_WARN_UNDECLARED_SELECTOR = YES;
				GCC_WARN_UNINITIALIZED_AUTOS = YES_AGGRESSIVE;
				GCC_WARN_UNUSED_FUNCTION = YES;
				GCC_WARN_UNUSED_VARIABLE = YES;
				IPHONEOS_DEPLOYMENT_TARGET = 17.0;
				MTL_ENABLE_DEBUG_INFO = INCLUDE_SOURCE;
				MTL_FAST_MATH = YES;
				ONLY_ACTIVE_ARCH = YES;
				PRODUCT_NAME = "$(TARGET_NAME)";
				SDKROOT = iphoneos;
				SWIFT_ACTIVE_COMPILATION_CONDITIONS = DEBUG;
				SWIFT_OPTIMIZATION_LEVEL = "-Onone";
				SWIFT_VERSION = 5.0;
			};
			name = Debug;
		};
/* End XCBuildConfiguration section */

/* Begin XCConfigurationList section */
		70C28A15DAE1A77A441DD9C1 /* Build configuration list for PBXProject "WarrantyBuddy" */ = {
			isa = XCConfigurationList;
			buildConfigurations = (
				DA7F0BDAF2819CA3C58A8B2D /* Debug */,
				4DEC5BD2912C7E5BEE5B8E99 /* Release */,
			);
			defaultConfigurationIsVisible = 0;
			defaultConfigurationName = Debug;
		};
		DDD4FE4F00987B51D539D441 /* Build configuration list for PBXNativeTarget "WarrantyBuddy" */ = {
			isa = XCConfigurationList;
			buildConfigurations = (
				88C53753680F7B60782B3860 /* Debug */,
				830B89CBEDF4632FA1CE86EB /* Release */,
			);
			defaultConfigurationIsVisible = 0;
			defaultConfigurationName = Debug;
		};
/* End XCConfigurationList section */

/* Begin XCRemoteSwiftPackageReference section */
		39F6A219F1FD440383C8BAD8 /* XCRemoteSwiftPackageReference "supabase-swift" */ = {
			isa = XCRemoteSwiftPackageReference;
			repositoryURL = "https://github.com/supabase/supabase-swift";
			requirement = {
				kind = upToNextMajorVersion;
				minimumVersion = 2.54.1;
			};
		};
/* End XCRemoteSwiftPackageReference section */

/* Begin XCSwiftPackageProductDependency section */
		6027CB0D6C0D2B5FE966D38D /* Supabase */ = {
			isa = XCSwiftPackageProductDependency;
			package = 39F6A219F1FD440383C8BAD8 /* XCRemoteSwiftPackageReference "supabase-swift" */;
			productName = Supabase;
		};
/* End XCSwiftPackageProductDependency section */
	};
	rootObject = 2EE9AB57FF4F21A7A84960FD /* Project object */;
}
